<Solution>
  <Configurations>
    <Platform Name="Any CPU" />
    <Platform Name="x64" />
  </Configurations>
  <Project Path="Kinetix.Core/Kinetix.Core.csproj" />
  <Project Path="Kinetix.Platform.Linux/Kinetix.Platform.Linux.csproj" />
  <Project Path="Kinetix.Gtk/Kinetix.Gtk.csproj" />
  <Project Path="KinetixModManager/KinetixModManager.csproj">
    <Platform Solution="*|x64" Project="x64" />
  </Project>
  <Project Path="KinetixModManager.Tests/KinetixModManager.Tests.csproj" />
</Solution>
